
Microsoft Visual Studio Solution File, Format Version 12.00
# Visual Studio Version 17
VisualStudioVersion = 17.7.34031.279
MinimumVisualStudioVersion = 10.0.40219.1
Project("{FAE04EC0-301F-11D3-BF4B-00C04F79EFBC}") = "Pipelines", "Pipelines.csproj", "{E1396B52-8525-474C-AC82-FB9287B38424}"
EndProject
Global
	GlobalSection(SolutionConfigurationPlatforms) = preSolution
		Debug|Any CPU = Debug|Any CPU
		Release|Any CPU = Release|Any CPU
	EndGlobalSection
	GlobalSection(ProjectConfigurationPlatforms) = postSolution
		{E1396B52-8525-474C-AC82-FB9287B38424}.Debug|Any CPU.ActiveCfg = Debug|Any CPU
		{E1396B52-8525-474C-AC82-FB9287B38424}.Debug|Any CPU.Build.0 = Debug|Any CPU
		{E1396B52-8525-474C-AC82-FB9287B38424}.Release|Any CPU.ActiveCfg = Release|Any CPU
		{E1396B52-8525-474C-AC82-FB9287B38424}.Release|Any CPU.Build.0 = Release|Any CPU
	EndGlobalSection
	GlobalSection(SolutionProperties) = preSolution
		HideSolutionNode = FALSE
	EndGlobalSection
	GlobalSection(ExtensibilityGlobals) = postSolution
		SolutionGuid = {1B257B8B-4C7D-4C32-ABD1-79A3F84A497E}
	EndGlobalSection
EndGlobal
